
Microsoft Visual Studio Solution File, Format Version 12.00
# Visual Studio 2013
VisualStudioVersion = 12.0.31101.0
MinimumVisualStudioVersion = 10.0.40219.1
Project("{FAE04EC0-301F-11D3-BF4B-00C04F79EFBC}") = "BattleShip", "BattleShip\BattleShip.csproj", "{F720655E-9AD3-4950-A9FE-854D4E065529}"
EndProject
Project("{FAE04EC0-301F-11D3-BF4B-00C04F79EFBC}") = "AIInterface", "AIInterface\AIInterface.csproj", "{B0383591-B7DB-4484-87D6-0DF180C08FA7}"
EndProject
Project("{FAE04EC0-301F-11D3-BF4B-00C04F79EFBC}") = "SimpleBot", "SimpleBot\SimpleBot.csproj", "{A085E686-BDF8-46D7-A727-1CE9AFF27D4F}"
EndProject
Global
	GlobalSection(SolutionConfigurationPlatforms) = preSolution
		Debug|Any CPU = Debug|Any CPU
		Release|Any CPU = Release|Any CPU
	EndGlobalSection
	GlobalSection(ProjectConfigurationPlatforms) = postSolution
		{F720655E-9AD3-4950-A9FE-854D4E065529}.Debug|Any CPU.ActiveCfg = Debug|Any CPU
		{F720655E-9AD3-4950-A9FE-854D4E065529}.Debug|Any CPU.Build.0 = Debug|Any CPU
		{F720655E-9AD3-4950-A9FE-854D4E065529}.Release|Any CPU.ActiveCfg = Release|Any CPU
		{F720655E-9AD3-4950-A9FE-854D4E065529}.Release|Any CPU.Build.0 = Release|Any CPU
		{B0383591-B7DB-4484-87D6-0DF180C08FA7}.Debug|Any CPU.ActiveCfg = Debug|Any CPU
		{B0383591-B7DB-4484-87D6-0DF180C08FA7}.Debug|Any CPU.Build.0 = Debug|Any CPU
		{B0383591-B7DB-4484-87D6-0DF180C08FA7}.Release|Any CPU.ActiveCfg = Release|Any CPU
		{B0383591-B7DB-4484-87D6-0DF180C08FA7}.Release|Any CPU.Build.0 = Release|Any CPU
		{A085E686-BDF8-46D7-A727-1CE9AFF27D4F}.Debug|Any CPU.ActiveCfg = Debug|Any CPU
		{A085E686-BDF8-46D7-A727-1CE9AFF27D4F}.Debug|Any CPU.Build.0 = Debug|Any CPU
		{A085E686-BDF8-46D7-A727-1CE9AFF27D4F}.Release|Any CPU.ActiveCfg = Release|Any CPU
		{A085E686-BDF8-46D7-A727-1CE9AFF27D4F}.Release|Any CPU.Build.0 = Release|Any CPU
	EndGlobalSection
	GlobalSection(SolutionProperties) = preSolution
		HideSolutionNode = FALSE
	EndGlobalSection
EndGlobal
